
Microsoft Visual Studio Solution File, Format Version 12.00
# Visual Studio 2012
Project("{FAE04EC0-301F-11D3-BF4B-00C04F79EFBC}") = "Ms.W", "Ms.W\Ms.W.csproj", "{E94F95F3-C797-4627-BB29-86A8E5766869}"
EndProject
Global
	GlobalSection(SolutionConfigurationPlatforms) = preSolution
		Debug|Any CPU = Debug|Any CPU
		Release|Any CPU = Release|Any CPU
	EndGlobalSection
	GlobalSection(ProjectConfigurationPlatforms) = postSolution
		{E94F95F3-C797-4627-BB29-86A8E5766869}.Debug|Any CPU.ActiveCfg = Debug|Any CPU
		{E94F95F3-C797-4627-BB29-86A8E5766869}.Debug|Any CPU.Build.0 = Debug|Any CPU
		{E94F95F3-C797-4627-BB29-86A8E5766869}.Release|Any CPU.ActiveCfg = Release|Any CPU
		{E94F95F3-C797-4627-BB29-86A8E5766869}.Release|Any CPU.Build.0 = Release|Any CPU
	EndGlobalSection
	GlobalSection(SolutionProperties) = preSolution
		HideSolutionNode = FALSE
	EndGlobalSection
EndGlobal
